
Microsoft Visual Studio Solution File, Format Version 12.00
# Visual Studio 14
VisualStudioVersion = 14.0.25420.1
MinimumVisualStudioVersion = 10.0.40219.1
Project("{FAE04EC0-301F-11D3-BF4B-00C04F79EFBC}") = "Beers.web", "Beers.web\Beers.web.csproj", "{D2410948-8CC3-43AA-B48C-94E261712BA7}"
EndProject
Project("{2150E333-8FDC-42A3-9474-1A3956D46DE8}") = "01.UI", "01.UI", "{D066E359-505D-4CEB-8C25-5F9FAD862F69}"
EndProject
Global
	GlobalSection(SolutionConfigurationPlatforms) = preSolution
		Debug|Any CPU = Debug|Any CPU
		Release|Any CPU = Release|Any CPU
	EndGlobalSection
	GlobalSection(ProjectConfigurationPlatforms) = postSolution
		{D2410948-8CC3-43AA-B48C-94E261712BA7}.Debug|Any CPU.ActiveCfg = Debug|Any CPU
		{D2410948-8CC3-43AA-B48C-94E261712BA7}.Debug|Any CPU.Build.0 = Debug|Any CPU
		{D2410948-8CC3-43AA-B48C-94E261712BA7}.Release|Any CPU.ActiveCfg = Release|Any CPU
		{D2410948-8CC3-43AA-B48C-94E261712BA7}.Release|Any CPU.Build.0 = Release|Any CPU
	EndGlobalSection
	GlobalSection(SolutionProperties) = preSolution
		HideSolutionNode = FALSE
	EndGlobalSection
	GlobalSection(NestedProjects) = preSolution
		{D2410948-8CC3-43AA-B48C-94E261712BA7} = {D066E359-505D-4CEB-8C25-5F9FAD862F69}
	EndGlobalSection
EndGlobal
