
Microsoft Visual Studio Solution File, Format Version 12.00
# Visual Studio 14
VisualStudioVersion = 14.0.25420.1
MinimumVisualStudioVersion = 10.0.40219.1
Project("{FAE04EC0-301F-11D3-BF4B-00C04F79EFBC}") = "Beers.web", "Beers.web\Beers.web.csproj", "{D2410948-8CC3-43AA-B48C-94E261712BA7}"
EndProject
Project("{2150E333-8FDC-42A3-9474-1A3956D46DE8}") = "01.UI", "01.UI", "{D066E359-505D-4CEB-8C25-5F9FAD862F69}"
EndProject
Project("{2150E333-8FDC-42A3-9474-1A3956D46DE8}") = "02.Application", "02.Application", "{509979D3-060D-46BB-B32B-C0E6DD3AFE3A}"
EndProject
Project("{FAE04EC0-301F-11D3-BF4B-00C04F79EFBC}") = "Beers.Service", "Beers.services\Beers.Service.csproj", "{C25A6A67-EECA-48A4-8FB5-770154660334}"
EndProject
Project("{FAE04EC0-301F-11D3-BF4B-00C04F79EFBC}") = "Beers.Model", "Beers.Model\Beers.Model.csproj", "{F81D2A7A-7147-432C-B852-851D54D7A91E}"
EndProject
Project("{FAE04EC0-301F-11D3-BF4B-00C04F79EFBC}") = "Beers.Common.Service", "Beers.Common.Service\Beers.Common.Service.csproj", "{E3176538-E8EC-4A7B-B7E4-9B465CCDB701}"
EndProject
Project("{2150E333-8FDC-42A3-9474-1A3956D46DE8}") = "03.Infrastructure", "03.Infrastructure", "{550C9385-D7F3-4154-8E0C-52A259B697AB}"
EndProject
Project("{2150E333-8FDC-42A3-9474-1A3956D46DE8}") = "04.Crosscutting", "04.Crosscutting", "{4DFB0BF3-5C40-428B-BF44-10006041958B}"
EndProject
Project("{FAE04EC0-301F-11D3-BF4B-00C04F79EFBC}") = "Beers.Common.Const", "Beers.Common.Const\Beers.Common.Const.csproj", "{27332D4D-917B-4F6A-981C-5CC06F0EF77B}"
EndProject
Project("{FAE04EC0-301F-11D3-BF4B-00C04F79EFBC}") = "Beers.Migrations", "Beers.Migrations\Beers.Migrations.csproj", "{1346F25F-EB71-4769-9B46-6E466A46376F}"
EndProject
Global
	GlobalSection(SolutionConfigurationPlatforms) = preSolution
		Debug|Any CPU = Debug|Any CPU
		Release|Any CPU = Release|Any CPU
	EndGlobalSection
	GlobalSection(ProjectConfigurationPlatforms) = postSolution
		{D2410948-8CC3-43AA-B48C-94E261712BA7}.Debug|Any CPU.ActiveCfg = Debug|Any CPU
		{D2410948-8CC3-43AA-B48C-94E261712BA7}.Debug|Any CPU.Build.0 = Debug|Any CPU
		{D2410948-8CC3-43AA-B48C-94E261712BA7}.Release|Any CPU.ActiveCfg = Release|Any CPU
		{D2410948-8CC3-43AA-B48C-94E261712BA7}.Release|Any CPU.Build.0 = Release|Any CPU
		{C25A6A67-EECA-48A4-8FB5-770154660334}.Debug|Any CPU.ActiveCfg = Debug|Any CPU
		{C25A6A67-EECA-48A4-8FB5-770154660334}.Debug|Any CPU.Build.0 = Debug|Any CPU
		{C25A6A67-EECA-48A4-8FB5-770154660334}.Release|Any CPU.ActiveCfg = Release|Any CPU
		{C25A6A67-EECA-48A4-8FB5-770154660334}.Release|Any CPU.Build.0 = Release|Any CPU
		{F81D2A7A-7147-432C-B852-851D54D7A91E}.Debug|Any CPU.ActiveCfg = Debug|Any CPU
		{F81D2A7A-7147-432C-B852-851D54D7A91E}.Debug|Any CPU.Build.0 = Debug|Any CPU
		{F81D2A7A-7147-432C-B852-851D54D7A91E}.Release|Any CPU.ActiveCfg = Release|Any CPU
		{F81D2A7A-7147-432C-B852-851D54D7A91E}.Release|Any CPU.Build.0 = Release|Any CPU
		{E3176538-E8EC-4A7B-B7E4-9B465CCDB701}.Debug|Any CPU.ActiveCfg = Debug|Any CPU
		{E3176538-E8EC-4A7B-B7E4-9B465CCDB701}.Debug|Any CPU.Build.0 = Debug|Any CPU
		{E3176538-E8EC-4A7B-B7E4-9B465CCDB701}.Release|Any CPU.ActiveCfg = Release|Any CPU
		{E3176538-E8EC-4A7B-B7E4-9B465CCDB701}.Release|Any CPU.Build.0 = Release|Any CPU
		{27332D4D-917B-4F6A-981C-5CC06F0EF77B}.Debug|Any CPU.ActiveCfg = Debug|Any CPU
		{27332D4D-917B-4F6A-981C-5CC06F0EF77B}.Debug|Any CPU.Build.0 = Debug|Any CPU
		{27332D4D-917B-4F6A-981C-5CC06F0EF77B}.Release|Any CPU.ActiveCfg = Release|Any CPU
		{27332D4D-917B-4F6A-981C-5CC06F0EF77B}.Release|Any CPU.Build.0 = Release|Any CPU
		{1346F25F-EB71-4769-9B46-6E466A46376F}.Debug|Any CPU.ActiveCfg = Debug|Any CPU
		{1346F25F-EB71-4769-9B46-6E466A46376F}.Debug|Any CPU.Build.0 = Debug|Any CPU
		{1346F25F-EB71-4769-9B46-6E466A46376F}.Release|Any CPU.ActiveCfg = Release|Any CPU
		{1346F25F-EB71-4769-9B46-6E466A46376F}.Release|Any CPU.Build.0 = Release|Any CPU
	EndGlobalSection
	GlobalSection(SolutionProperties) = preSolution
		HideSolutionNode = FALSE
	EndGlobalSection
	GlobalSection(NestedProjects) = preSolution
		{D2410948-8CC3-43AA-B48C-94E261712BA7} = {D066E359-505D-4CEB-8C25-5F9FAD862F69}
		{C25A6A67-EECA-48A4-8FB5-770154660334} = {509979D3-060D-46BB-B32B-C0E6DD3AFE3A}
		{F81D2A7A-7147-432C-B852-851D54D7A91E} = {509979D3-060D-46BB-B32B-C0E6DD3AFE3A}
		{E3176538-E8EC-4A7B-B7E4-9B465CCDB701} = {509979D3-060D-46BB-B32B-C0E6DD3AFE3A}
		{27332D4D-917B-4F6A-981C-5CC06F0EF77B} = {4DFB0BF3-5C40-428B-BF44-10006041958B}
		{1346F25F-EB71-4769-9B46-6E466A46376F} = {509979D3-060D-46BB-B32B-C0E6DD3AFE3A}
	EndGlobalSection
EndGlobal
